{
  "name": "api2",
  "version": "1.0.0",
  "lockfileVersion": 2,
  "requires": true,
  "packages": {
    "": {
      "name": "api2",
      "version": "1.0.0",
      "license": "MIT",
      "dependencies": {
        "marked": "^5.0.4"
      }
    },
    "node_modules/marked": {
      "version": "5.0.4",
      "resolved": "https://registry.npmjs.org/marked/-/marked-5.0.4.tgz",
      "integrity": "sha512-r0W8/DK56fAkV0qfUCO9cEt/VlFWUzoJOqEigvijmsVkTuPOHckh7ZutNJepRO1AxHhK96/9txonHg4bWd/aLA==",
      "bin": {
        "marked": "bin/marked.js"
      },
      "engines": {
        "node": ">= 18"
      }
    }
  },
  "dependencies": {
    "marked": {
      "version": "5.0.4",
      "resolved": "https://registry.npmjs.org/marked/-/marked-5.0.4.tgz",
      "integrity": "sha512-r0W8/DK56fAkV0qfUCO9cEt/VlFWUzoJOqEigvijmsVkTuPOHckh7ZutNJepRO1AxHhK96/9txonHg4bWd/aLA=="
    }
  }
}
